
Microsoft Visual Studio Solution File, Format Version 12.00
# Visual Studio Version 16
VisualStudioVersion = 16.0.30804.86
MinimumVisualStudioVersion = 10.0.40219.1
Project("{FAE04EC0-301F-11D3-BF4B-00C04F79EFBC}") = "SpeechConsoleApp", "SpeechConsoleApp\SpeechConsoleApp.csproj", "{9C076535-2D37-4010-8AF9-CCEAE780E7CC}"
EndProject
Global
	GlobalSection(SolutionConfigurationPlatforms) = preSolution
		Debug|Any CPU = Debug|Any CPU
		Release|Any CPU = Release|Any CPU
	EndGlobalSection
	GlobalSection(ProjectConfigurationPlatforms) = postSolution
		{9C076535-2D37-4010-8AF9-CCEAE780E7CC}.Debug|Any CPU.ActiveCfg = Debug|Any CPU
		{9C076535-2D37-4010-8AF9-CCEAE780E7CC}.Debug|Any CPU.Build.0 = Debug|Any CPU
		{9C076535-2D37-4010-8AF9-CCEAE780E7CC}.Release|Any CPU.ActiveCfg = Release|Any CPU
		{9C076535-2D37-4010-8AF9-CCEAE780E7CC}.Release|Any CPU.Build.0 = Release|Any CPU
	EndGlobalSection
	GlobalSection(SolutionProperties) = preSolution
		HideSolutionNode = FALSE
	EndGlobalSection
	GlobalSection(ExtensibilityGlobals) = postSolution
		SolutionGuid = {FDBE2B67-EE9E-4F28-85AA-308FE4D53400}
	EndGlobalSection
EndGlobal
